
Microsoft Visual Studio Solution File, Format Version 12.00
# Visual Studio Version 17
VisualStudioVersion = 17.5.002.0
MinimumVisualStudioVersion = 10.0.40219.1
Project("{9A19103F-16F7-4668-BE54-9A1E7A4F7556}") = "Task 1", "Task 1.csproj", "{3F837136-7D4E-43F3-9D2C-E03D4955B76E}"
EndProject
Global
	GlobalSection(SolutionConfigurationPlatforms) = preSolution
		Debug|Any CPU = Debug|Any CPU
		Release|Any CPU = Release|Any CPU
	EndGlobalSection
	GlobalSection(ProjectConfigurationPlatforms) = postSolution
		{3F837136-7D4E-43F3-9D2C-E03D4955B76E}.Debug|Any CPU.ActiveCfg = Debug|Any CPU
		{3F837136-7D4E-43F3-9D2C-E03D4955B76E}.Debug|Any CPU.Build.0 = Debug|Any CPU
		{3F837136-7D4E-43F3-9D2C-E03D4955B76E}.Release|Any CPU.ActiveCfg = Release|Any CPU
		{3F837136-7D4E-43F3-9D2C-E03D4955B76E}.Release|Any CPU.Build.0 = Release|Any CPU
	EndGlobalSection
	GlobalSection(SolutionProperties) = preSolution
		HideSolutionNode = FALSE
	EndGlobalSection
	GlobalSection(ExtensibilityGlobals) = postSolution
		SolutionGuid = {B3459008-7C1B-4B0F-9CCB-31E7DD48C161}
	EndGlobalSection
EndGlobal
